
Microsoft Visual Studio Solution File, Format Version 12.00
# Visual Studio 15
VisualStudioVersion = 15.0.28010.2050
MinimumVisualStudioVersion = 10.0.40219.1
Project("{FAE04EC0-301F-11D3-BF4B-00C04F79EFBC}") = "ConsoleAppTest", "ConsoleAppTest\ConsoleAppTest.csproj", "{24323C24-8F92-440C-985C-06BC25A30315}"
EndProject
Global
	GlobalSection(SolutionConfigurationPlatforms) = preSolution
		Debug|Any CPU = Debug|Any CPU
		Release|Any CPU = Release|Any CPU
	EndGlobalSection
	GlobalSection(ProjectConfigurationPlatforms) = postSolution
		{24323C24-8F92-440C-985C-06BC25A30315}.Debug|Any CPU.ActiveCfg = Debug|Any CPU
		{24323C24-8F92-440C-985C-06BC25A30315}.Debug|Any CPU.Build.0 = Debug|Any CPU
		{24323C24-8F92-440C-985C-06BC25A30315}.Release|Any CPU.ActiveCfg = Release|Any CPU
		{24323C24-8F92-440C-985C-06BC25A30315}.Release|Any CPU.Build.0 = Release|Any CPU
	EndGlobalSection
	GlobalSection(SolutionProperties) = preSolution
		HideSolutionNode = FALSE
	EndGlobalSection
	GlobalSection(ExtensibilityGlobals) = postSolution
		SolutionGuid = {59B69AF3-413A-4ED5-AEBF-15A20338AB93}
	EndGlobalSection
EndGlobal
